
Microsoft Visual Studio Solution File, Format Version 12.00
# Visual Studio Version 16
VisualStudioVersion = 16.0.34301.259
MinimumVisualStudioVersion = 10.0.40219.1
Project("{FAE04EC0-301F-11D3-BF4B-00C04F79EFBC}") = "Game", "Game.csproj", "{1BB0C57A-3AD9-4214-BC5C-479E4AAEEFF3}"
EndProject
Global
	GlobalSection(SolutionConfigurationPlatforms) = preSolution
		Debug|Any CPU = Debug|Any CPU
		Release|Any CPU = Release|Any CPU
	EndGlobalSection
	GlobalSection(ProjectConfigurationPlatforms) = postSolution
		{1BB0C57A-3AD9-4214-BC5C-479E4AAEEFF3}.Debug|Any CPU.ActiveCfg = Debug|Any CPU
		{1BB0C57A-3AD9-4214-BC5C-479E4AAEEFF3}.Debug|Any CPU.Build.0 = Debug|Any CPU
		{1BB0C57A-3AD9-4214-BC5C-479E4AAEEFF3}.Release|Any CPU.ActiveCfg = Release|Any CPU
		{1BB0C57A-3AD9-4214-BC5C-479E4AAEEFF3}.Release|Any CPU.Build.0 = Release|Any CPU
	EndGlobalSection
	GlobalSection(SolutionProperties) = preSolution
		HideSolutionNode = FALSE
	EndGlobalSection
	GlobalSection(ExtensibilityGlobals) = postSolution
		SolutionGuid = {DD272D2E-B945-4C91-8457-11C711B1CD9B}
	EndGlobalSection
EndGlobal
